# This file is autogenerated, do not edit; changes may be undone by the next 'dep ensure'.


[[projects]]
  name = "cloud.google.com/go"
  packages = ["compute/metadata"]
  revision = "e5804108aed715c49f731aab1a847f063fb23681"
  version = "v0.50.0"

[[projects]]
  name = "github.com/aws/aws-lambda-go"
  packages = ["events","lambda","lambda/handlertrace","lambda/messages","lambdacontext"]
  revision = "b5b7267d297de263cc5b61f8c37543daa9c95ffd"
  version = "v1.13.3"

[[projects]]
  name = "github.com/aws/aws-sdk-go"
  packages = ["aws","aws/awserr","aws/awsutil","aws/client","aws/client/metadata","aws/corehandlers","aws/credentials","aws/credentials/ec2rolecreds","aws/credentials/endpointcreds","aws/credentials/processcreds","aws/credentials/stscreds","aws/crr","aws/csm","aws/defaults","aws/ec2metadata","aws/endpoints","aws/request","aws/session","aws/signer/v4","internal/ini","internal/sdkio","internal/sdkrand","internal/sdkuri","internal/shareddefaults","private/protocol","private/protocol/json/jsonutil","private/protocol/jsonrpc","private/protocol/query","private/protocol/query/queryutil","private/protocol/rest","private/protocol/restjson","private/protocol/xml/xmlutil","service/cognitoidentityprovider","service/dynamodb","service/dynamodb/dynamodbattribute","service/dynamodb/expression","service/lambda","service/sts"]
  revision = "c1afd6c3340feedd0a2c1cd929dcb291d4bd09ba"
  version = "v1.16.23"

[[projects]]
  name = "github.com/davecgh/go-spew"
  packages = ["spew"]
  revision = "8991bc29aa16c548c550c7ff78260e27b9ab7c73"
  version = "v1.1.1"

[[projects]]
  name = "github.com/dgrijalva/jwt-go"
  packages = ["."]
  revision = "06ea1031745cb8b3dab3f6a236daf2b0aa468b7e"
  version = "v3.2.0"

[[projects]]
  branch = "master"
  name = "github.com/golang/groupcache"
  packages = ["lru"]
  revision = "215e87163ea771ffa998a96c611387313bb5a403"

[[projects]]
  name = "github.com/golang/protobuf"
  packages = ["proto","ptypes","ptypes/any","ptypes/duration","ptypes/timestamp"]
  revision = "6c65a5562fc06764971b7c5d05c76c75e84bdbf7"
  version = "v1.3.2"

[[projects]]
  name = "github.com/gomodule/redigo"
  packages = ["internal","redis"]
  revision = "9c11da706d9b7902c6da69c592f75637793fe121"
  version = "v2.0.0"

[[projects]]
  name = "github.com/googleapis/gax-go"
  packages = ["v2"]
  revision = "bd5b16380fd03dc758d11cef74ba2e3bc8b0e8c2"
  version = "v2.0.5"

[[projects]]
  name = "github.com/jmespath/go-jmespath"
  packages = ["."]
  revision = "c2b33e84"

[[projects]]
  name = "github.com/joho/godotenv"
  packages = ["."]
  revision = "23d116af351c84513e1946b527c88823e476be13"
  version = "v1.3.0"

[[projects]]
  branch = "master"
  name = "github.com/kjk/betterguid"
  packages = ["."]
  revision = "c442874ba63a7beb6c8b6f14ad1675de747b7f71"

[[projects]]
  branch = "master"
  name = "github.com/lestrrat/go-jwx"
  packages = ["internal/base64","jwa","jwk"]
  revision = "b7d4802280aef47b8786da314e8675d41d980b04"

[[projects]]
  branch = "master"
  name = "github.com/lestrrat/go-pdebug"
  packages = ["."]
  revision = "569c97477ae8837e053e5a50bc739e15172b8ebe"

[[projects]]
  name = "github.com/pkg/errors"
  packages = ["."]
  revision = "ba968bfe8b2f7e042a574c888954fccecfa385b4"
  version = "v0.8.1"

[[projects]]
  name = "go.opencensus.io"
  packages = [".","internal","internal/tagencoding","metric/metricdata","metric/metricproducer","plugin/ochttp","plugin/ochttp/propagation/b3","resource","stats","stats/internal","stats/view","tag","trace","trace/internal","trace/propagation","trace/tracestate"]
  revision = "aad2c527c5defcf89b5afab7f37274304195a6b2"
  version = "v0.22.2"

[[projects]]
  branch = "master"
  name = "golang.org/x/net"
  packages = ["context","context/ctxhttp","http/httpguts","http2","http2/hpack","idna","internal/timeseries","trace"]
  revision = "c0dbc17a35534bf2e581d7a942408dc936316da4"

[[projects]]
  branch = "master"
  name = "golang.org/x/oauth2"
  packages = [".","google","internal","jws","jwt"]
  revision = "858c2ad4c8b6c5d10852cb89079f6ca1c7309787"

[[projects]]
  branch = "master"
  name = "golang.org/x/sys"
  packages = ["unix"]
  revision = "a1369afcdac740082c63165b07ec83b531884be2"

[[projects]]
  name = "golang.org/x/text"
  packages = ["collate","collate/build","internal/colltab","internal/gen","internal/language","internal/language/compact","internal/tag","internal/triegen","internal/ucd","language","secure/bidirule","transform","unicode/bidi","unicode/cldr","unicode/norm","unicode/rangetable"]
  revision = "342b2e1fbaa52c93f31447ad2c6abc048c63e475"
  version = "v0.3.2"

[[projects]]
  name = "google.golang.org/api"
  packages = ["googleapi","googleapi/transport","internal","internal/gensupport","internal/third_party/uritemplates","oauth2/v2","option","transport/http","transport/http/internal/propagation"]
  revision = "aa5d4e47691e7ae1aebb5221ff8e4beea23fad72"
  version = "v0.15.0"

[[projects]]
  name = "google.golang.org/appengine"
  packages = [".","internal","internal/app_identity","internal/base","internal/datastore","internal/log","internal/modules","internal/remote_api","internal/urlfetch","urlfetch"]
  revision = "971852bfffca25b069c31162ae8f247a3dba083b"
  version = "v1.6.5"

[[projects]]
  branch = "master"
  name = "google.golang.org/genproto"
  packages = ["googMessaleapis/rpc/status"]
  revision = "f3c370f40bfba3cb25c5c2f823a1a8031b5ad724"

[[projects]]
  name = "google.golang.org/grpc"
  packages = [".","attributes","backoff","balancer","balancer/base","balancer/roundrobin","binarylog/grpc_binarylog_v1","codes","connectivity","credentials","credentials/internal","encoding","encoding/proto","grpclog","internal","internal/backoff","internal/balancerload","internal/binarylog","internal/buffer","internal/channelz","internal/envconfig","internal/grpcrand","internal/grpcsync","internal/resolver/dns","internal/resolver/passthrough","internal/syscall","internal/transport","keepalive","metadata","naming","peer","resolver","serviceconfig","stats","status","tap"]
  revision = "f5b0812e6fe574d90da76b205e9eb51f6ddb1919"
  version = "v1.26.0"

[solve-meta]
  analyzer-name = "dep"
  analyzer-version = 1
  inputs-digest = "cda8b9e593bc1284c21f68d2732bb3e04fe5a96826b33361b8490363bfff51d7"
  solver-name = "gps-cdcl"
  solver-version = 1
